
Microsoft Visual Studio Solution File, Format Version 12.00
# Visual Studio Version 16
VisualStudioVersion = 16.0.30128.74
MinimumVisualStudioVersion = 10.0.40219.1
Project("{FAE04EC0-301F-11D3-BF4B-00C04F79EFBC}") = "WpfTestApi", "WpfTestApi\WpfTestApi.csproj", "{2F073CB0-1548-4D07-8A05-B54F0F965451}"
EndProject
Global
	GlobalSection(SolutionConfigurationPlatforms) = preSolution
		Debug|Any CPU = Debug|Any CPU
		Release|Any CPU = Release|Any CPU
	EndGlobalSection
	GlobalSection(ProjectConfigurationPlatforms) = postSolution
		{2F073CB0-1548-4D07-8A05-B54F0F965451}.Debug|Any CPU.ActiveCfg = Debug|Any CPU
		{2F073CB0-1548-4D07-8A05-B54F0F965451}.Debug|Any CPU.Build.0 = Debug|Any CPU
		{2F073CB0-1548-4D07-8A05-B54F0F965451}.Release|Any CPU.ActiveCfg = Release|Any CPU
		{2F073CB0-1548-4D07-8A05-B54F0F965451}.Release|Any CPU.Build.0 = Release|Any CPU
	EndGlobalSection
	GlobalSection(SolutionProperties) = preSolution
		HideSolutionNode = FALSE
	EndGlobalSection
	GlobalSection(ExtensibilityGlobals) = postSolution
		SolutionGuid = {9843CBFE-368C-461F-A1DB-74AB4A107DD3}
	EndGlobalSection
EndGlobal
